
Microsoft Visual Studio Solution File, Format Version 12.00
# Visual Studio 14
VisualStudioVersion = 14.0.25420.1
MinimumVisualStudioVersion = 10.0.40219.1
Project("{FAE04EC0-301F-11D3-BF4B-00C04F79EFBC}") = "ChromeMultipleLogins", "ChromeMultipleLogins\ChromeMultipleLogins.csproj", "{EDA03C90-0002-40E9-B5CF-6EA768640461}"
EndProject
Project("{FAE04EC0-301F-11D3-BF4B-00C04F79EFBC}") = "WindowsOperations", "WindowsOperations\WindowsOperations.csproj", "{A9228C76-1BBC-4D12-A92D-DAAD8CFD8C19}"
EndProject
Global
	GlobalSection(SolutionConfigurationPlatforms) = preSolution
		Debug|Any CPU = Debug|Any CPU
		DefaultBuild|Any CPU = DefaultBuild|Any CPU
		Release|Any CPU = Release|Any CPU
		Work|Any CPU = Work|Any CPU
	EndGlobalSection
	GlobalSection(ProjectConfigurationPlatforms) = postSolution
		{EDA03C90-0002-40E9-B5CF-6EA768640461}.Debug|Any CPU.ActiveCfg = Debug|Any CPU
		{EDA03C90-0002-40E9-B5CF-6EA768640461}.Debug|Any CPU.Build.0 = Debug|Any CPU
		{EDA03C90-0002-40E9-B5CF-6EA768640461}.Debug|Any CPU.Deploy.0 = Debug|Any CPU
		{EDA03C90-0002-40E9-B5CF-6EA768640461}.DefaultBuild|Any CPU.ActiveCfg = Debug|Any CPU
		{EDA03C90-0002-40E9-B5CF-6EA768640461}.DefaultBuild|Any CPU.Build.0 = Debug|Any CPU
		{EDA03C90-0002-40E9-B5CF-6EA768640461}.Release|Any CPU.ActiveCfg = Release|Any CPU
		{EDA03C90-0002-40E9-B5CF-6EA768640461}.Release|Any CPU.Build.0 = Release|Any CPU
		{EDA03C90-0002-40E9-B5CF-6EA768640461}.Work|Any CPU.ActiveCfg = Work|Any CPU
		{EDA03C90-0002-40E9-B5CF-6EA768640461}.Work|Any CPU.Build.0 = Work|Any CPU
		{A9228C76-1BBC-4D12-A92D-DAAD8CFD8C19}.Debug|Any CPU.ActiveCfg = Debug|Any CPU
		{A9228C76-1BBC-4D12-A92D-DAAD8CFD8C19}.Debug|Any CPU.Build.0 = Debug|Any CPU
		{A9228C76-1BBC-4D12-A92D-DAAD8CFD8C19}.Debug|Any CPU.Deploy.0 = Debug|Any CPU
		{A9228C76-1BBC-4D12-A92D-DAAD8CFD8C19}.DefaultBuild|Any CPU.ActiveCfg = Debug|Any CPU
		{A9228C76-1BBC-4D12-A92D-DAAD8CFD8C19}.DefaultBuild|Any CPU.Build.0 = Debug|Any CPU
		{A9228C76-1BBC-4D12-A92D-DAAD8CFD8C19}.Release|Any CPU.ActiveCfg = Release|Any CPU
		{A9228C76-1BBC-4D12-A92D-DAAD8CFD8C19}.Release|Any CPU.Build.0 = Release|Any CPU
		{A9228C76-1BBC-4D12-A92D-DAAD8CFD8C19}.Work|Any CPU.ActiveCfg = Work|Any CPU
		{A9228C76-1BBC-4D12-A92D-DAAD8CFD8C19}.Work|Any CPU.Build.0 = Work|Any CPU
	EndGlobalSection
	GlobalSection(SolutionProperties) = preSolution
		HideSolutionNode = FALSE
	EndGlobalSection
EndGlobal
